
Microsoft Visual Studio Solution File, Format Version 15.00
# Visual Studio 2017
Project("{FAE04EC0-301F-11D3-BF4B-00C04F79EFBC}") = "PersonalSite", "PersonalSite.csproj", "{6F6E5B9B-D994-4B10-966E-4386A59E56C6}"
EndProject
Global
	GlobalSection(SolutionConfigurationPlatforms) = preSolution
		Debug|Any CPU = Debug|Any CPU
		Release|Any CPU = Release|Any CPU
	EndGlobalSection
	GlobalSection(ProjectConfigurationPlatforms) = postSolution
		{6F6E5B9B-D994-4B10-966E-4386A59E56C6}.Debug|Any CPU.ActiveCfg = Debug|Any CPU
		{6F6E5B9B-D994-4B10-966E-4386A59E56C6}.Debug|Any CPU.Build.0 = Debug|Any CPU
		{6F6E5B9B-D994-4B10-966E-4386A59E56C6}.Release|Any CPU.ActiveCfg = Release|Any CPU
		{6F6E5B9B-D994-4B10-966E-4386A59E56C6}.Release|Any CPU.Build.0 = Release|Any CPU
	EndGlobalSection
EndGlobal
